PODS:
  - OasisJSBridge (0.3.9)
  - OHHTTPStubs/Core (9.0.0)
  - OHHTTPStubs/Default (9.0.0):
    - OHHTTPStubs/Core
    - OHHTTPStubs/JSON
    - OHHTTPStubs/NSURLSession
    - OHHTTPStubs/OHPathHelpers
  - OHHTTPStubs/JSON (9.0.0):
    - OHHTTPStubs/Core
  - OHHTTPStubs/NSURLSession (9.0.0):
    - OHHTTPStubs/Core
  - OHHTTPStubs/OHPathHelpers (9.0.0)
  - OHHTTPStubs/Swift (9.0.0):
    - OHHTTPStubs/Default

DEPENDENCIES:
  - OasisJSBridge (from `../`)
  - OHHTTPStubs/Swift

SPEC REPOS:
  trunk:
    - OHHTTPStubs

EXTERNAL SOURCES:
  OasisJSBridge:
    :path: "../"

SPEC CHECKSUMS:
  OasisJSBridge: 1ae1ba3bd6bd2f2dcfec10c658464d479899b2a1
  OHHTTPStubs: cb29d2a9d09a828ecb93349a2b0c64f99e0db89f

PODFILE CHECKSUM: f135e1301cb3257f53e305c05f78549b56904aa6

COCOAPODS: 1.9.1
