PODS:
  - OasisJSBridge (0.3.5)
  - OHHTTPStubs/Core (8.0.0)
  - OHHTTPStubs/Default (8.0.0):
    - OHHTTPStubs/Core
    - OHHTTPStubs/JSON
    - OHHTTPStubs/NSURLSession
    - OHHTTPStubs/OHPathHelpers
  - OHHTTPStubs/JSON (8.0.0):
    - OHHTTPStubs/Core
  - OHHTTPStubs/NSURLSession (8.0.0):
    - OHHTTPStubs/Core
  - OHHTTPStubs/OHPathHelpers (8.0.0)
  - OHHTTPStubs/Swift (8.0.0):
    - OHHTTPStubs/Default

DEPENDENCIES:
  - OasisJSBridge (from `../`)
  - OHHTTPStubs/Swift

SPEC REPOS:
  trunk:
    - OHHTTPStubs

EXTERNAL SOURCES:
  OasisJSBridge:
    :path: "../"

SPEC CHECKSUMS:
  OasisJSBridge: 4072923cbbefdb20fd27632fd0072ee47c7dd2bd
  OHHTTPStubs: 9cbce6364bec557cc3439aa6bb7514670d780881

PODFILE CHECKSUM: f135e1301cb3257f53e305c05f78549b56904aa6

COCOAPODS: 1.8.4
