PODS:
  - OasisJSBridge (0.6.2)
  - OasisJSBridge/Tests (0.6.2)

DEPENDENCIES:
  - OasisJSBridge (from `../../`)
  - OasisJSBridge/Tests (from `../../`)

EXTERNAL SOURCES:
  OasisJSBridge:
    :path: "../../"

SPEC CHECKSUMS:
  OasisJSBridge: d7d073052516699f735014fd111ddc2d33be52d7

PODFILE CHECKSUM: 2dd6dbf986bfb15a0192c3268b03c70485bcd9dc

COCOAPODS: 1.12.1
