PODS:
  - OasisJSBridge (0.7.1)
  - OasisJSBridge/Tests (0.7.1)

DEPENDENCIES:
  - OasisJSBridge (from `../../`)
  - OasisJSBridge/Tests (from `../../`)

EXTERNAL SOURCES:
  OasisJSBridge:
    :path: "../../"

SPEC CHECKSUMS:
  OasisJSBridge: b7f7be86c6e218b2738d98a5d6063a88c23a9f20

PODFILE CHECKSUM: 0e025edda0da0710f36acbb07c76a5a3b46fb297

COCOAPODS: 1.12.1
